
Microsoft Visual Studio Solution File, Format Version 12.00
# Visual Studio 14
VisualStudioVersion = 14.0.25123.0
MinimumVisualStudioVersion = 10.0.40219.1
Project("{FAE04EC0-301F-11D3-BF4B-00C04F79EFBC}") = "MAIN", "MAIN.csproj", "{470C0819-F8E4-4CA4-AE8C-2C0AD9645B06}"
	ProjectSection(ProjectDependencies) = postProject
		{511B1210-885C-4983-A4B7-6B66A8631B9E} = {511B1210-885C-4983-A4B7-6B66A8631B9E}
		{2709C6F9-34E8-4968-90EC-95B814A1028A} = {2709C6F9-34E8-4968-90EC-95B814A1028A}
	EndProjectSection
EndProject
Project("{8BC9CEB8-8B4A-11D0-8D11-00A0C91BC942}") = "DLL_C", "..\DLL_C\DLL_C.vcxproj", "{511B1210-885C-4983-A4B7-6B66A8631B9E}"
EndProject
Project("{8BC9CEB8-8B4A-11D0-8D11-00A0C91BC942}") = "DLL_ASM", "..\DLL_ASM\DLL_ASM.vcxproj", "{2709C6F9-34E8-4968-90EC-95B814A1028A}"
EndProject
Global
	GlobalSection(SolutionConfigurationPlatforms) = preSolution
		Debug|Any CPU = Debug|Any CPU
		Debug|x64 = Debug|x64
		Debug|x86 = Debug|x86
		Release|Any CPU = Release|Any CPU
		Release|x64 = Release|x64
		Release|x86 = Release|x86
	EndGlobalSection
	GlobalSection(ProjectConfigurationPlatforms) = postSolution
		{470C0819-F8E4-4CA4-AE8C-2C0AD9645B06}.Debug|Any CPU.ActiveCfg = Debug|Any CPU
		{470C0819-F8E4-4CA4-AE8C-2C0AD9645B06}.Debug|Any CPU.Build.0 = Debug|Any CPU
		{470C0819-F8E4-4CA4-AE8C-2C0AD9645B06}.Debug|x64.ActiveCfg = Debug|Any CPU
		{470C0819-F8E4-4CA4-AE8C-2C0AD9645B06}.Debug|x64.Build.0 = Debug|Any CPU
		{470C0819-F8E4-4CA4-AE8C-2C0AD9645B06}.Debug|x86.ActiveCfg = Debug|Any CPU
		{470C0819-F8E4-4CA4-AE8C-2C0AD9645B06}.Debug|x86.Build.0 = Debug|Any CPU
		{470C0819-F8E4-4CA4-AE8C-2C0AD9645B06}.Release|Any CPU.ActiveCfg = Release|Any CPU
		{470C0819-F8E4-4CA4-AE8C-2C0AD9645B06}.Release|Any CPU.Build.0 = Release|Any CPU
		{470C0819-F8E4-4CA4-AE8C-2C0AD9645B06}.Release|Any CPU.Deploy.0 = Release|Any CPU
		{470C0819-F8E4-4CA4-AE8C-2C0AD9645B06}.Release|x64.ActiveCfg = Release|Any CPU
		{470C0819-F8E4-4CA4-AE8C-2C0AD9645B06}.Release|x64.Build.0 = Release|Any CPU
		{470C0819-F8E4-4CA4-AE8C-2C0AD9645B06}.Release|x86.ActiveCfg = Release|Any CPU
		{470C0819-F8E4-4CA4-AE8C-2C0AD9645B06}.Release|x86.Build.0 = Release|Any CPU
		{511B1210-885C-4983-A4B7-6B66A8631B9E}.Debug|Any CPU.ActiveCfg = Debug|x64
		{511B1210-885C-4983-A4B7-6B66A8631B9E}.Debug|Any CPU.Build.0 = Debug|x64
		{511B1210-885C-4983-A4B7-6B66A8631B9E}.Debug|x64.ActiveCfg = Debug|x64
		{511B1210-885C-4983-A4B7-6B66A8631B9E}.Debug|x64.Build.0 = Debug|x64
		{511B1210-885C-4983-A4B7-6B66A8631B9E}.Debug|x86.ActiveCfg = Debug|Win32
		{511B1210-885C-4983-A4B7-6B66A8631B9E}.Debug|x86.Build.0 = Debug|Win32
		{511B1210-885C-4983-A4B7-6B66A8631B9E}.Release|Any CPU.ActiveCfg = Release|x64
		{511B1210-885C-4983-A4B7-6B66A8631B9E}.Release|Any CPU.Build.0 = Release|x64
		{511B1210-885C-4983-A4B7-6B66A8631B9E}.Release|Any CPU.Deploy.0 = Release|x64
		{511B1210-885C-4983-A4B7-6B66A8631B9E}.Release|x64.ActiveCfg = Release|x64
		{511B1210-885C-4983-A4B7-6B66A8631B9E}.Release|x64.Build.0 = Release|x64
		{511B1210-885C-4983-A4B7-6B66A8631B9E}.Release|x86.ActiveCfg = Release|Win32
		{511B1210-885C-4983-A4B7-6B66A8631B9E}.Release|x86.Build.0 = Release|Win32
		{2709C6F9-34E8-4968-90EC-95B814A1028A}.Debug|Any CPU.ActiveCfg = Debug|x64
		{2709C6F9-34E8-4968-90EC-95B814A1028A}.Debug|Any CPU.Build.0 = Debug|x64
		{2709C6F9-34E8-4968-90EC-95B814A1028A}.Debug|x64.ActiveCfg = Debug|x64
		{2709C6F9-34E8-4968-90EC-95B814A1028A}.Debug|x64.Build.0 = Debug|x64
		{2709C6F9-34E8-4968-90EC-95B814A1028A}.Debug|x86.ActiveCfg = Debug|Win32
		{2709C6F9-34E8-4968-90EC-95B814A1028A}.Debug|x86.Build.0 = Debug|Win32
		{2709C6F9-34E8-4968-90EC-95B814A1028A}.Release|Any CPU.ActiveCfg = Release|x64
		{2709C6F9-34E8-4968-90EC-95B814A1028A}.Release|Any CPU.Build.0 = Release|x64
		{2709C6F9-34E8-4968-90EC-95B814A1028A}.Release|x64.ActiveCfg = Release|x64
		{2709C6F9-34E8-4968-90EC-95B814A1028A}.Release|x64.Build.0 = Release|x64
		{2709C6F9-34E8-4968-90EC-95B814A1028A}.Release|x86.ActiveCfg = Release|Win32
		{2709C6F9-34E8-4968-90EC-95B814A1028A}.Release|x86.Build.0 = Release|Win32
	EndGlobalSection
	GlobalSection(SolutionProperties) = preSolution
		HideSolutionNode = FALSE
	EndGlobalSection
EndGlobal
